Microsoft Visual Studio Solution File, Format Version 12.00
# Visual Studio Version 17
VisualStudioVersion = 17.0.31903.59
MinimumVisualStudioVersion = 10.0.40219.1
Project("{FAE04EC0-301F-11D3-BF4B-00C04F79EFBC}") = "MKERP.Domain", "src\MKERP.Domain\MKERP.Domain.csproj", "{B5A2A6A2-1F5D-4F6B-9A11-1A4E7C2C1003}"
EndProject
Project("{FAE04EC0-301F-11D3-BF4B-00C04F79EFBC}") = "MKERP.Application", "src\MKERP.Application\MKERP.Application.csproj", "{B5A2A6A2-1F5D-4F6B-9A11-1A4E7C2C1002}"
EndProject
Project("{FAE04EC0-301F-11D3-BF4B-00C04F79EFBC}") = "MKERP.Infrastructure", "src\MKERP.Infrastructure\MKERP.Infrastructure.csproj", "{B5A2A6A2-1F5D-4F6B-9A11-1A4E7C2C1004}"
EndProject
Project("{FAE04EC0-301F-11D3-BF4B-00C04F79EFBC}") = "MKERP.Reporting", "src\MKERP.Reporting\MKERP.Reporting.csproj", "{B5A2A6A2-1F5D-4F6B-9A11-1A4E7C2C1005}"
EndProject
Project("{60DC8134-3F0E-4C2D-8B7D-AB2B8A4F4D0A}") = "MKERP.App", "src\MKERP.App\MKERP.App.csproj", "{B5A2A6A2-1F5D-4F6B-9A11-1A4E7C2C1001}"
EndProject
Global
 GlobalSection(SolutionConfigurationPlatforms) = preSolution
  Debug|Any CPU = Debug|Any CPU
  Release|Any CPU = Release|Any CPU
 EndGlobalSection
EndGlobal
